// !$*UTF8*$!
{
	archiveVersion = 1;
	classes = {
	};
	objectVersion = 55;
	objects = {

/* Begin PBXBuildFile section */
		9D2DB69C2757C41400AC9087 /* Nabto_HeatPumpApp_SwiftUIApp.swift in Sources */ = {isa = PBXBuildFile; fileRef = 9D2DB69B2757C41400AC9087 /* Nabto_HeatPumpApp_SwiftUIApp.swift */; };
		9D2DB6A02757C41500AC9087 /* Assets.xcassets in Resources */ = {isa = PBXBuildFile; fileRef = 9D2DB69F2757C41500AC9087 /* Assets.xcassets */; };
		9D2DB6A32757C41500AC9087 /* Preview Assets.xcassets in Resources */ = {isa = PBXBuildFile; fileRef = 9D2DB6A22757C41500AC9087 /* Preview Assets.xcassets */; };
		9D2DB6BC2757D8BD00AC9087 /* NabtoAccessCoap.swift in Sources */ = {isa = PBXBuildFile; fileRef = 9D2DB6AB2757D8BC00AC9087 /* NabtoAccessCoap.swift */; };
		9D2DB6BD2757D8BD00AC9087 /* Device.swift in Sources */ = {isa = PBXBuildFile; fileRef = 9D2DB6AD2757D8BC00AC9087 /* Device.swift */; };
		9D2DB6BE2757D8BD00AC9087 /* IntroductionView.swift in Sources */ = {isa = PBXBuildFile; fileRef = 9D2DB6B02757D8BD00AC9087 /* IntroductionView.swift */; };
		9D2DB6BF2757D8BD00AC9087 /* PairNewDeviceView.swift in Sources */ = {isa = PBXBuildFile; fileRef = 9D2DB6B22757D8BD00AC9087 /* PairNewDeviceView.swift */; };
		9D2DB6C02757D8BD00AC9087 /* AvailableDevicesView.swift in Sources */ = {isa = PBXBuildFile; fileRef = 9D2DB6B42757D8BD00AC9087 /* AvailableDevicesView.swift */; };
		9D2DB6C12757D8BD00AC9087 /* NotPairedView.swift in Sources */ = {isa = PBXBuildFile; fileRef = 9D2DB6B62757D8BD00AC9087 /* NotPairedView.swift */; };
		9D2DB6C22757D8BD00AC9087 /* PairedDevicesView.swift in Sources */ = {isa = PBXBuildFile; fileRef = 9D2DB6B82757D8BD00AC9087 /* PairedDevicesView.swift */; };
		9D2DB6C32757D8BD00AC9087 /* SplashScreenView.swift in Sources */ = {isa = PBXBuildFile; fileRef = 9D2DB6BA2757D8BD00AC9087 /* SplashScreenView.swift */; };
		9D2DB6C42757D8BD00AC9087 /* SplashScreen.storyboard in Resources */ = {isa = PBXBuildFile; fileRef = 9D2DB6BB2757D8BD00AC9087 /* SplashScreen.storyboard */; };
		A9D36AB606F138BCEEAA16AA /* Pods_Nabto_HeatPumpApp_SwiftUI.framework in Frameworks */ = {isa = PBXBuildFile; fileRef = 118C67B5ACB93F8199135A36 /* Pods_Nabto_HeatPumpApp_SwiftUI.framework */; };
/* End PBXBuildFile section */

/* Begin PBXFileReference section */
		118C67B5ACB93F8199135A36 /* Pods_Nabto_HeatPumpApp_SwiftUI.framework */ = {isa = PBXFileReference; explicitFileType = wrapper.framework; includeInIndex = 0; path = Pods_Nabto_HeatPumpApp_SwiftUI.framework; sourceTree = BUILT_PRODUCTS_DIR; };
		1B158927E575006BB76457FB /* Pods-Nabto_HeatPumpApp_SwiftUI.debug.xcconfig */ = {isa = PBXFileReference; includeInIndex = 1; lastKnownFileType = text.xcconfig; name = "Pods-Nabto_HeatPumpApp_SwiftUI.debug.xcconfig"; path = "Target Support Files/Pods-Nabto_HeatPumpApp_SwiftUI/Pods-Nabto_HeatPumpApp_SwiftUI.debug.xcconfig"; sourceTree = "<group>"; };
		67BDEC21F16786BFED5766E9 /* Pods-Nabto_HeatPumpApp_SwiftUI.release.xcconfig */ = {isa = PBXFileReference; includeInIndex = 1; lastKnownFileType = text.xcconfig; name = "Pods-Nabto_HeatPumpApp_SwiftUI.release.xcconfig"; path = "Target Support Files/Pods-Nabto_HeatPumpApp_SwiftUI/Pods-Nabto_HeatPumpApp_SwiftUI.release.xcconfig"; sourceTree = "<group>"; };
		9D2DB6982757C41400AC9087 /* Nabto_HeatPumpApp_SwiftUI.app */ = {isa = PBXFileReference; explicitFileType = wrapper.application; includeInIndex = 0; path = Nabto_HeatPumpApp_SwiftUI.app; sourceTree = BUILT_PRODUCTS_DIR; };
		9D2DB69B2757C41400AC9087 /* Nabto_HeatPumpApp_SwiftUIApp.swift */ = {isa = PBXFileReference; lastKnownFileType = sourcecode.swift; path = Nabto_HeatPumpApp_SwiftUIApp.swift; sourceTree = "<group>"; };
		9D2DB69F2757C41500AC9087 /* Assets.xcassets */ = {isa = PBXFileReference; lastKnownFileType = folder.assetcatalog; path = Assets.xcassets; sourceTree = "<group>"; };
		9D2DB6A22757C41500AC9087 /* Preview Assets.xcassets */ = {isa = PBXFileReference; lastKnownFileType = folder.assetcatalog; path = "Preview Assets.xcassets"; sourceTree = "<group>"; };
		9D2DB6AB2757D8BC00AC9087 /* NabtoAccessCoap.swift */ = {isa = PBXFileReference; fileEncoding = 4; lastKnownFileType = sourcecode.swift; path = NabtoAccessCoap.swift; sourceTree = "<group>"; };
		9D2DB6AD2757D8BC00AC9087 /* Device.swift */ = {isa = PBXFileReference; fileEncoding = 4; lastKnownFileType = sourcecode.swift; path = Device.swift; sourceTree = "<group>"; };
		9D2DB6B02757D8BD00AC9087 /* IntroductionView.swift */ = {isa = PBXFileReference; fileEncoding = 4; lastKnownFileType = sourcecode.swift; path = IntroductionView.swift; sourceTree = "<group>"; };
		9D2DB6B22757D8BD00AC9087 /* PairNewDeviceView.swift */ = {isa = PBXFileReference; fileEncoding = 4; lastKnownFileType = sourcecode.swift; path = PairNewDeviceView.swift; sourceTree = "<group>"; };
		9D2DB6B42757D8BD00AC9087 /* AvailableDevicesView.swift */ = {isa = PBXFileReference; fileEncoding = 4; lastKnownFileType = sourcecode.swift; path = AvailableDevicesView.swift; sourceTree = "<group>"; };
		9D2DB6B62757D8BD00AC9087 /* NotPairedView.swift */ = {isa = PBXFileReference; fileEncoding = 4; lastKnownFileType = sourcecode.swift; path = NotPairedView.swift; sourceTree = "<group>"; };
		9D2DB6B82757D8BD00AC9087 /* PairedDevicesView.swift */ = {isa = PBXFileReference; fileEncoding = 4; lastKnownFileType = sourcecode.swift; path = PairedDevicesView.swift; sourceTree = "<group>"; };
		9D2DB6BA2757D8BD00AC9087 /* SplashScreenView.swift */ = {isa = PBXFileReference; fileEncoding = 4; lastKnownFileType = sourcecode.swift; path = SplashScreenView.swift; sourceTree = "<group>"; };
		9D2DB6BB2757D8BD00AC9087 /* SplashScreen.storyboard */ = {isa = PBXFileReference; fileEncoding = 4; lastKnownFileType = file.storyboard; path = SplashScreen.storyboard; sourceTree = "<group>"; };
/* End PBXFileReference section */

/* Begin PBXFrameworksBuildPhase section */
		9D2DB6952757C41400AC9087 /* Frameworks */ = {
			isa = PBXFrameworksBuildPhase;
			buildActionMask = 2147483647;
			files = (
				A9D36AB606F138BCEEAA16AA /* Pods_Nabto_HeatPumpApp_SwiftUI.framework in Frameworks */,
			);
			runOnlyForDeploymentPostprocessing = 0;
		};
/* End PBXFrameworksBuildPhase section */

/* Begin PBXGroup section */
		1FB6B59484D0B38DD7A1E84A /* Frameworks */ = {
			isa = PBXGroup;
			children = (
				118C67B5ACB93F8199135A36 /* Pods_Nabto_HeatPumpApp_SwiftUI.framework */,
			);
			name = Frameworks;
			sourceTree = "<group>";
		};
		9ADD0AD3D7BA8C7B3C7BAA58 /* Pods */ = {
			isa = PBXGroup;
			children = (
				1B158927E575006BB76457FB /* Pods-Nabto_HeatPumpApp_SwiftUI.debug.xcconfig */,
				67BDEC21F16786BFED5766E9 /* Pods-Nabto_HeatPumpApp_SwiftUI.release.xcconfig */,
			);
			path = Pods;
			sourceTree = "<group>";
		};
		9D2DB68F2757C41400AC9087 = {
			isa = PBXGroup;
			children = (
				9D2DB69A2757C41400AC9087 /* Nabto_HeatPumpApp_SwiftUI */,
				9D2DB6992757C41400AC9087 /* Products */,
				9ADD0AD3D7BA8C7B3C7BAA58 /* Pods */,
				1FB6B59484D0B38DD7A1E84A /* Frameworks */,
			);
			sourceTree = "<group>";
		};
		9D2DB6992757C41400AC9087 /* Products */ = {
			isa = PBXGroup;
			children = (
				9D2DB6982757C41400AC9087 /* Nabto_HeatPumpApp_SwiftUI.app */,
			);
			name = Products;
			sourceTree = "<group>";
		};
		9D2DB69A2757C41400AC9087 /* Nabto_HeatPumpApp_SwiftUI */ = {
			isa = PBXGroup;
			children = (
				9D2DB6AC2757D8BC00AC9087 /* Models */,
				9D2DB6AA2757D8BC00AC9087 /* NabtoAccessFunctions */,
				9D2DB6AE2757D8BD00AC9087 /* View */,
				9D2DB6A92757D8BC00AC9087 /* ViewModels */,
				9D2DB69B2757C41400AC9087 /* Nabto_HeatPumpApp_SwiftUIApp.swift */,
				9D2DB69F2757C41500AC9087 /* Assets.xcassets */,
				9D2DB6A12757C41500AC9087 /* Preview Content */,
			);
			path = Nabto_HeatPumpApp_SwiftUI;
			sourceTree = "<group>";
		};
		9D2DB6A12757C41500AC9087 /* Preview Content */ = {
			isa = PBXGroup;
			children = (
				9D2DB6A22757C41500AC9087 /* Preview Assets.xcassets */,
			);
			path = "Preview Content";
			sourceTree = "<group>";
		};
		9D2DB6A92757D8BC00AC9087 /* ViewModels */ = {
			isa = PBXGroup;
			children = (
			);
			path = ViewModels;
			sourceTree = "<group>";
		};
		9D2DB6AA2757D8BC00AC9087 /* NabtoAccessFunctions */ = {
			isa = PBXGroup;
			children = (
				9D2DB6AB2757D8BC00AC9087 /* NabtoAccessCoap.swift */,
			);
			path = NabtoAccessFunctions;
			sourceTree = "<group>";
		};
		9D2DB6AC2757D8BC00AC9087 /* Models */ = {
			isa = PBXGroup;
			children = (
				9D2DB6AD2757D8BC00AC9087 /* Device.swift */,
			);
			path = Models;
			sourceTree = "<group>";
		};
		9D2DB6AE2757D8BD00AC9087 /* View */ = {
			isa = PBXGroup;
			children = (
				9D2DB6AF2757D8BD00AC9087 /* IntroductionView */,
				9D2DB6B12757D8BD00AC9087 /* PairNewDeviceView */,
				9D2DB6B32757D8BD00AC9087 /* AvailableDevicesView */,
				9D2DB6B52757D8BD00AC9087 /* NotPairedView */,
				9D2DB6B72757D8BD00AC9087 /* PairedDevicesView */,
				9D2DB6B92757D8BD00AC9087 /* SplashScreenView */,
			);
			path = View;
			sourceTree = "<group>";
		};
		9D2DB6AF2757D8BD00AC9087 /* IntroductionView */ = {
			isa = PBXGroup;
			children = (
				9D2DB6B02757D8BD00AC9087 /* IntroductionView.swift */,
			);
			path = IntroductionView;
			sourceTree = "<group>";
		};
		9D2DB6B12757D8BD00AC9087 /* PairNewDeviceView */ = {
			isa = PBXGroup;
			children = (
				9D2DB6B22757D8BD00AC9087 /* PairNewDeviceView.swift */,
			);
			path = PairNewDeviceView;
			sourceTree = "<group>";
		};
		9D2DB6B32757D8BD00AC9087 /* AvailableDevicesView */ = {
			isa = PBXGroup;
			children = (
				9D2DB6B42757D8BD00AC9087 /* AvailableDevicesView.swift */,
			);
			path = AvailableDevicesView;
			sourceTree = "<group>";
		};
		9D2DB6B52757D8BD00AC9087 /* NotPairedView */ = {
			isa = PBXGroup;
			children = (
				9D2DB6B62757D8BD00AC9087 /* NotPairedView.swift */,
			);
			path = NotPairedView;
			sourceTree = "<group>";
		};
		9D2DB6B72757D8BD00AC9087 /* PairedDevicesView */ = {
			isa = PBXGroup;
			children = (
				9D2DB6B82757D8BD00AC9087 /* PairedDevicesView.swift */,
			);
			path = PairedDevicesView;
			sourceTree = "<group>";
		};
		9D2DB6B92757D8BD00AC9087 /* SplashScreenView */ = {
			isa = PBXGroup;
			children = (
				9D2DB6BA2757D8BD00AC9087 /* SplashScreenView.swift */,
				9D2DB6BB2757D8BD00AC9087 /* SplashScreen.storyboard */,
			);
			path = SplashScreenView;
			sourceTree = "<group>";
		};
/* End PBXGroup section */

/* Begin PBXNativeTarget section */
		9D2DB6972757C41400AC9087 /* Nabto_HeatPumpApp_SwiftUI */ = {
			isa = PBXNativeTarget;
			buildConfigurationList = 9D2DB6A62757C41500AC9087 /* Build configuration list for PBXNativeTarget "Nabto_HeatPumpApp_SwiftUI" */;
			buildPhases = (
				B41A35A6D6CB4D67B8F07EEC /* [CP] Check Pods Manifest.lock */,
				9D2DB6942757C41400AC9087 /* Sources */,
				9D2DB6952757C41400AC9087 /* Frameworks */,
				9D2DB6962757C41400AC9087 /* Resources */,
				C9B73377DFA435AC453A5D4E /* [CP] Embed Pods Frameworks */,
			);
			buildRules = (
			);
			dependencies = (
			);
			name = Nabto_HeatPumpApp_SwiftUI;
			productName = Nabto_HeatPumpApp_SwiftUI;
			productReference = 9D2DB6982757C41400AC9087 /* Nabto_HeatPumpApp_SwiftUI.app */;
			productType = "com.apple.product-type.application";
		};
/* End PBXNativeTarget section */

/* Begin PBXProject section */
		9D2DB6902757C41400AC9087 /* Project object */ = {
			isa = PBXProject;
			attributes = {
				BuildIndependentTargetsInParallel = 1;
				LastSwiftUpdateCheck = 1310;
				LastUpgradeCheck = 1310;
				TargetAttributes = {
					9D2DB6972757C41400AC9087 = {
						CreatedOnToolsVersion = 13.1;
					};
				};
			};
			buildConfigurationList = 9D2DB6932757C41400AC9087 /* Build configuration list for PBXProject "Nabto_HeatPumpApp_SwiftUI" */;
			compatibilityVersion = "Xcode 13.0";
			developmentRegion = en;
			hasScannedForEncodings = 0;
			knownRegions = (
				en,
				Base,
			);
			mainGroup = 9D2DB68F2757C41400AC9087;
			productRefGroup = 9D2DB6992757C41400AC9087 /* Products */;
			projectDirPath = "";
			projectRoot = "";
			targets = (
				9D2DB6972757C41400AC9087 /* Nabto_HeatPumpApp_SwiftUI */,
			);
		};
/* End PBXProject section */

/* Begin PBXResourcesBuildPhase section */
		9D2DB6962757C41400AC9087 /* Resources */ = {
			isa = PBXResourcesBuildPhase;
			buildActionMask = 2147483647;
			files = (
				9D2DB6A32757C41500AC9087 /* Preview Assets.xcassets in Resources */,
				9D2DB6C42757D8BD00AC9087 /* SplashScreen.storyboard in Resources */,
				9D2DB6A02757C41500AC9087 /* Assets.xcassets in Resources */,
			);
			runOnlyForDeploymentPostprocessing = 0;
		};
/* End PBXResourcesBuildPhase section */

/* Begin PBXShellScriptBuildPhase section */
		B41A35A6D6CB4D67B8F07EEC /* [CP] Check Pods Manifest.lock */ = {
			isa = PBXShellScriptBuildPhase;
			buildActionMask = 2147483647;
			files = (
			);
			inputFileListPaths = (
			);
			inputPaths = (
				"${PODS_PODFILE_DIR_PATH}/Podfile.lock",
				"${PODS_ROOT}/Manifest.lock",
			);
			name = "[CP] Check Pods Manifest.lock";
			outputFileListPaths = (
			);
			outputPaths = (
				"$(DERIVED_FILE_DIR)/Pods-Nabto_HeatPumpApp_SwiftUI-checkManifestLockResult.txt",
			);
			runOnlyForDeploymentPostprocessing = 0;
			shellPath = /bin/sh;
			shellScript = "diff \"${PODS_PODFILE_DIR_PATH}/Podfile.lock\" \"${PODS_ROOT}/Manifest.lock\" > /dev/null\nif [ $? != 0 ] ; then\n    # print error to STDERR\n    echo \"error: The sandbox is not in sync with the Podfile.lock. Run 'pod install' or update your CocoaPods installation.\" >&2\n    exit 1\nfi\n# This output is used by Xcode 'outputs' to avoid re-running this script phase.\necho \"SUCCESS\" > \"${SCRIPT_OUTPUT_FILE_0}\"\n";
			showEnvVarsInLog = 0;
		};
		C9B73377DFA435AC453A5D4E /* [CP] Embed Pods Frameworks */ = {
			isa = PBXShellScriptBuildPhase;
			buildActionMask = 2147483647;
			files = (
			);
			inputFileListPaths = (
				"${PODS_ROOT}/Target Support Files/Pods-Nabto_HeatPumpApp_SwiftUI/Pods-Nabto_HeatPumpApp_SwiftUI-frameworks-${CONFIGURATION}-input-files.xcfilelist",
			);
			name = "[CP] Embed Pods Frameworks";
			outputFileListPaths = (
				"${PODS_ROOT}/Target Support Files/Pods-Nabto_HeatPumpApp_SwiftUI/Pods-Nabto_HeatPumpApp_SwiftUI-frameworks-${CONFIGURATION}-output-files.xcfilelist",
			);
			runOnlyForDeploymentPostprocessing = 0;
			shellPath = /bin/sh;
			shellScript = "\"${PODS_ROOT}/Target Support Files/Pods-Nabto_HeatPumpApp_SwiftUI/Pods-Nabto_HeatPumpApp_SwiftUI-frameworks.sh\"\n";
			showEnvVarsInLog = 0;
		};
/* End PBXShellScriptBuildPhase section */

/* Begin PBXSourcesBuildPhase section */
		9D2DB6942757C41400AC9087 /* Sources */ = {
			isa = PBXSourcesBuildPhase;
			buildActionMask = 2147483647;
			files = (
				9D2DB6C02757D8BD00AC9087 /* AvailableDevicesView.swift in Sources */,
				9D2DB6BD2757D8BD00AC9087 /* Device.swift in Sources */,
				9D2DB6C32757D8BD00AC9087 /* SplashScreenView.swift in Sources */,
				9D2DB69C2757C41400AC9087 /* Nabto_HeatPumpApp_SwiftUIApp.swift in Sources */,
				9D2DB6BC2757D8BD00AC9087 /* NabtoAccessCoap.swift in Sources */,
				9D2DB6BF2757D8BD00AC9087 /* PairNewDeviceView.swift in Sources */,
				9D2DB6C22757D8BD00AC9087 /* PairedDevicesView.swift in Sources */,
				9D2DB6BE2757D8BD00AC9087 /* IntroductionView.swift in Sources */,
				9D2DB6C12757D8BD00AC9087 /* NotPairedView.swift in Sources */,
			);
			runOnlyForDeploymentPostprocessing = 0;
		};
/* End PBXSourcesBuildPhase section */

/* Begin XCBuildConfiguration section */
		9D2DB6A42757C41500AC9087 /* Debug */ = {
			isa = XCBuildConfiguration;
			buildSettings = {
				ALWAYS_SEARCH_USER_PATHS = NO;
				CLANG_ANALYZER_NONNULL = YES;
				CLANG_ANALYZER_NUMBER_OBJECT_CONVERSION = YES_AGGRESSIVE;
				CLANG_CXX_LANGUAGE_STANDARD = "gnu++17";
				CLANG_CXX_LIBRARY = "libc++";
				CLANG_ENABLE_MODULES = YES;
				CLANG_ENABLE_OBJC_ARC = YES;
				CLANG_ENABLE_OBJC_WEAK = YES;
				CLANG_WARN_BLOCK_CAPTURE_AUTORELEASING = YES;
				CLANG_WARN_BOOL_CONVERSION = YES;
				CLANG_WARN_COMMA = YES;
				CLANG_WARN_CONSTANT_CONVERSION = YES;
				CLANG_WARN_DEPRECATED_OBJC_IMPLEMENTATIONS = YES;
				CLANG_WARN_DIRECT_OBJC_ISA_USAGE = YES_ERROR;
				CLANG_WARN_DOCUMENTATION_COMMENTS = YES;
				CLANG_WARN_EMPTY_BODY = YES;
				CLANG_WARN_ENUM_CONVERSION = YES;
				CLANG_WARN_INFINITE_RECURSION = YES;
				CLANG_WARN_INT_CONVERSION = YES;
				CLANG_WARN_NON_LITERAL_NULL_CONVERSION = YES;
				CLANG_WARN_OBJC_IMPLICIT_RETAIN_SELF = YES;
				CLANG_WARN_OBJC_LITERAL_CONVERSION = YES;
				CLANG_WARN_OBJC_ROOT_CLASS = YES_ERROR;
				CLANG_WARN_QUOTED_INCLUDE_IN_FRAMEWORK_HEADER = YES;
				CLANG_WARN_RANGE_LOOP_ANALYSIS = YES;
				CLANG_WARN_STRICT_PROTOTYPES = YES;
				CLANG_WARN_SUSPICIOUS_MOVE = YES;
				CLANG_WARN_UNGUARDED_AVAILABILITY = YES_AGGRESSIVE;
				CLANG_WARN_UNREACHABLE_CODE = YES;
				CLANG_WARN__DUPLICATE_METHOD_MATCH = YES;
				COPY_PHASE_STRIP = NO;
				DEBUG_INFORMATION_FORMAT = dwarf;
				ENABLE_STRICT_OBJC_MSGSEND = YES;
				ENABLE_TESTABILITY = YES;
				GCC_C_LANGUAGE_STANDARD = gnu11;
				GCC_DYNAMIC_NO_PIC = NO;
				GCC_NO_COMMON_BLOCKS = YES;
				GCC_OPTIMIZATION_LEVEL = 0;
				GCC_PREPROCESSOR_DEFINITIONS = (
					"DEBUG=1",
					"$(inherited)",
				);
				GCC_WARN_64_TO_32_BIT_CONVERSION = YES;
				GCC_WARN_ABOUT_RETURN_TYPE = YES_ERROR;
				GCC_WARN_UNDECLARED_SELECTOR = YES;
				GCC_WARN_UNINITIALIZED_AUTOS = YES_AGGRESSIVE;
				GCC_WARN_UNUSED_FUNCTION = YES;
				GCC_WARN_UNUSED_VARIABLE = YES;
				IPHONEOS_DEPLOYMENT_TARGET = 15.0;
				MTL_ENABLE_DEBUG_INFO = INCLUDE_SOURCE;
				MTL_FAST_MATH = YES;
				ONLY_ACTIVE_ARCH = YES;
				SDKROOT = iphoneos;
				SWIFT_ACTIVE_COMPILATION_CONDITIONS = DEBUG;
				SWIFT_OPTIMIZATION_LEVEL = "-Onone";
			};
			name = Debug;
		};
		9D2DB6A52757C41500AC9087 /* Release */ = {
			isa = XCBuildConfiguration;
			buildSettings = {
				ALWAYS_SEARCH_USER_PATHS = NO;
				CLANG_ANALYZER_NONNULL = YES;
				CLANG_ANALYZER_NUMBER_OBJECT_CONVERSION = YES_AGGRESSIVE;
				CLANG_CXX_LANGUAGE_STANDARD = "gnu++17";
				CLANG_CXX_LIBRARY = "libc++";
				CLANG_ENABLE_MODULES = YES;
				CLANG_ENABLE_OBJC_ARC = YES;
				CLANG_ENABLE_OBJC_WEAK = YES;
				CLANG_WARN_BLOCK_CAPTURE_AUTORELEASING = YES;
				CLANG_WARN_BOOL_CONVERSION = YES;
				CLANG_WARN_COMMA = YES;
				CLANG_WARN_CONSTANT_CONVERSION = YES;
				CLANG_WARN_DEPRECATED_OBJC_IMPLEMENTATIONS = YES;
				CLANG_WARN_DIRECT_OBJC_ISA_USAGE = YES_ERROR;
				CLANG_WARN_DOCUMENTATION_COMMENTS = YES;
				CLANG_WARN_EMPTY_BODY = YES;
				CLANG_WARN_ENUM_CONVERSION = YES;
				CLANG_WARN_INFINITE_RECURSION = YES;
				CLANG_WARN_INT_CONVERSION = YES;
				CLANG_WARN_NON_LITERAL_NULL_CONVERSION = YES;
				CLANG_WARN_OBJC_IMPLICIT_RETAIN_SELF = YES;
				CLANG_WARN_OBJC_LITERAL_CONVERSION = YES;
				CLANG_WARN_OBJC_ROOT_CLASS = YES_ERROR;
				CLANG_WARN_QUOTED_INCLUDE_IN_FRAMEWORK_HEADER = YES;
				CLANG_WARN_RANGE_LOOP_ANALYSIS = YES;
				CLANG_WARN_STRICT_PROTOTYPES = YES;
				CLANG_WARN_SUSPICIOUS_MOVE = YES;
				CLANG_WARN_UNGUARDED_AVAILABILITY = YES_AGGRESSIVE;
				CLANG_WARN_UNREACHABLE_CODE = YES;
				CLANG_WARN__DUPLICATE_METHOD_MATCH = YES;
				COPY_PHASE_STRIP = NO;
				DEBUG_INFORMATION_FORMAT = "dwarf-with-dsym";
				ENABLE_NS_ASSERTIONS = NO;
				ENABLE_STRICT_OBJC_MSGSEND = YES;
				GCC_C_LANGUAGE_STANDARD = gnu11;
				GCC_NO_COMMON_BLOCKS = YES;
				GCC_WARN_64_TO_32_BIT_CONVERSION = YES;
				GCC_WARN_ABOUT_RETURN_TYPE = YES_ERROR;
				GCC_WARN_UNDECLARED_SELECTOR = YES;
				GCC_WARN_UNINITIALIZED_AUTOS = YES_AGGRESSIVE;
				GCC_WARN_UNUSED_FUNCTION = YES;
				GCC_WARN_UNUSED_VARIABLE = YES;
				IPHONEOS_DEPLOYMENT_TARGET = 15.0;
				MTL_ENABLE_DEBUG_INFO = NO;
				MTL_FAST_MATH = YES;
				SDKROOT = iphoneos;
				SWIFT_COMPILATION_MODE = wholemodule;
				SWIFT_OPTIMIZATION_LEVEL = "-O";
				VALIDATE_PRODUCT = YES;
			};
			name = Release;
		};
		9D2DB6A72757C41500AC9087 /* Debug */ = {
			isa = XCBuildConfiguration;
			baseConfigurationReference = 1B158927E575006BB76457FB /* Pods-Nabto_HeatPumpApp_SwiftUI.debug.xcconfig */;
			buildSettings = {
				ASSETCATALOG_COMPILER_APPICON_NAME = AppIcon;
				ASSETCATALOG_COMPILER_GLOBAL_ACCENT_COLOR_NAME = AccentColor;
				CODE_SIGN_STYLE = Automatic;
				CURRENT_PROJECT_VERSION = 1;
				DEVELOPMENT_ASSET_PATHS = "\"Nabto_HeatPumpApp_SwiftUI/Preview Content\"";
				DEVELOPMENT_TEAM = Z8LXKV7259;
				ENABLE_PREVIEWS = YES;
				GENERATE_INFOPLIST_FILE = YES;
				INFOPLIST_KEY_UIApplicationSceneManifest_Generation = YES;
				INFOPLIST_KEY_UIApplicationSupportsIndirectInputEvents = YES;
				INFOPLIST_KEY_UILaunchScreen_Generation = YES;
				INFOPLIST_KEY_UILaunchStoryboardName = SplashScreen;
				INFOPLIST_KEY_UISupportedInterfaceOrientations_iPad = "UIInterfaceOrientationPortrait UIInterfaceOrientationPortraitUpsideDown UIInterfaceOrientationLandscapeLeft UIInterfaceOrientationLandscapeRight";
				INFOPLIST_KEY_UISupportedInterfaceOrientations_iPhone = "UIInterfaceOrientationPortrait UIInterfaceOrientationLandscapeLeft UIInterfaceOrientationLandscapeRight";
				LD_RUNPATH_SEARCH_PATHS = (
					"$(inherited)",
					"@executable_path/Frameworks",
				);
				MARKETING_VERSION = 1.0;
				PRODUCT_BUNDLE_IDENTIFIER = "Nabto.Nabto-HeatPumpApp-SwiftUI";
				PRODUCT_NAME = "$(TARGET_NAME)";
				SWIFT_EMIT_LOC_STRINGS = YES;
				SWIFT_VERSION = 5.0;
				TARGETED_DEVICE_FAMILY = "1,2";
			};
			name = Debug;
		};
		9D2DB6A82757C41500AC9087 /* Release */ = {
			isa = XCBuildConfiguration;
			baseConfigurationReference = 67BDEC21F16786BFED5766E9 /* Pods-Nabto_HeatPumpApp_SwiftUI.release.xcconfig */;
			buildSettings = {
				ASSETCATALOG_COMPILER_APPICON_NAME = AppIcon;
				ASSETCATALOG_COMPILER_GLOBAL_ACCENT_COLOR_NAME = AccentColor;
				CODE_SIGN_STYLE = Automatic;
				CURRENT_PROJECT_VERSION = 1;
				DEVELOPMENT_ASSET_PATHS = "\"Nabto_HeatPumpApp_SwiftUI/Preview Content\"";
				DEVELOPMENT_TEAM = Z8LXKV7259;
				ENABLE_PREVIEWS = YES;
				GENERATE_INFOPLIST_FILE = YES;
				INFOPLIST_KEY_UIApplicationSceneManifest_Generation = YES;
				INFOPLIST_KEY_UIApplicationSupportsIndirectInputEvents = YES;
				INFOPLIST_KEY_UILaunchScreen_Generation = YES;
				INFOPLIST_KEY_UILaunchStoryboardName = SplashScreen;
				INFOPLIST_KEY_UISupportedInterfaceOrientations_iPad = "UIInterfaceOrientationPortrait UIInterfaceOrientationPortraitUpsideDown UIInterfaceOrientationLandscapeLeft UIInterfaceOrientationLandscapeRight";
				INFOPLIST_KEY_UISupportedInterfaceOrientations_iPhone = "UIInterfaceOrientationPortrait UIInterfaceOrientationLandscapeLeft UIInterfaceOrientationLandscapeRight";
				LD_RUNPATH_SEARCH_PATHS = (
					"$(inherited)",
					"@executable_path/Frameworks",
				);
				MARKETING_VERSION = 1.0;
				PRODUCT_BUNDLE_IDENTIFIER = "Nabto.Nabto-HeatPumpApp-SwiftUI";
				PRODUCT_NAME = "$(TARGET_NAME)";
				SWIFT_EMIT_LOC_STRINGS = YES;
				SWIFT_VERSION = 5.0;
				TARGETED_DEVICE_FAMILY = "1,2";
			};
			name = Release;
		};
/* End XCBuildConfiguration section */

/* Begin XCConfigurationList section */
		9D2DB6932757C41400AC9087 /* Build configuration list for PBXProject "Nabto_HeatPumpApp_SwiftUI" */ = {
			isa = XCConfigurationList;
			buildConfigurations = (
				9D2DB6A42757C41500AC9087 /* Debug */,
				9D2DB6A52757C41500AC9087 /* Release */,
			);
			defaultConfigurationIsVisible = 0;
			defaultConfigurationName = Release;
		};
		9D2DB6A62757C41500AC9087 /* Build configuration list for PBXNativeTarget "Nabto_HeatPumpApp_SwiftUI" */ = {
			isa = XCConfigurationList;
			buildConfigurations = (
				9D2DB6A72757C41500AC9087 /* Debug */,
				9D2DB6A82757C41500AC9087 /* Release */,
			);
			defaultConfigurationIsVisible = 0;
			defaultConfigurationName = Release;
		};
/* End XCConfigurationList section */
	};
	rootObject = 9D2DB6902757C41400AC9087 /* Project object */;
}
